
Microsoft Visual Studio Solution File, Format Version 12.00
# Visual Studio Version 17
VisualStudioVersion = 17.10.34928.147
MinimumVisualStudioVersion = 10.0.40219.1
Project("{FAE04EC0-301F-11D3-BF4B-00C04F79EFBC}") = "SCMS", "SCMS\SCMS.csproj", "{0DA5950C-F070-4A3B-B648-034FEB2B13F4}"
EndProject
Global
	GlobalSection(SolutionConfigurationPlatforms) = preSolution
		Debug|Any CPU = Debug|Any CPU
		Release|Any CPU = Release|Any CPU
	EndGlobalSection
	GlobalSection(ProjectConfigurationPlatforms) = postSolution
		{0DA5950C-F070-4A3B-B648-034FEB2B13F4}.Debug|Any CPU.ActiveCfg = Debug|Any CPU
		{0DA5950C-F070-4A3B-B648-034FEB2B13F4}.Debug|Any CPU.Build.0 = Debug|Any CPU
		{0DA5950C-F070-4A3B-B648-034FEB2B13F4}.Release|Any CPU.ActiveCfg = Release|Any CPU
		{0DA5950C-F070-4A3B-B648-034FEB2B13F4}.Release|Any CPU.Build.0 = Release|Any CPU
	EndGlobalSection
	GlobalSection(SolutionProperties) = preSolution
		HideSolutionNode = FALSE
	EndGlobalSection
	GlobalSection(ExtensibilityGlobals) = postSolution
		SolutionGuid = {F9D76422-4BE4-4EA4-9E45-8F98E5D0E12C}
	EndGlobalSection
EndGlobal
